schema: '2.0'
stages:
  prepare_data:
    cmd: python scripts\prepare_data.py
    deps:
    - path: data\raw\datos_creditos.csv
      hash: md5
      md5: 3b26edd22e8827f890d7cd32efe475b7
      size: 663047
    - path: data\raw\datos_tarjetas.csv
      hash: md5
      md5: 9e197c893925601cd447c81256e8cf07
      size: 845190
    - path: scripts\prepare_data.py
      hash: md5
      md5: a940ce185e370a037c02c42d7e339384
      size: 4921
    outs:
    - path: data\processed\datos_integrados.csv
      hash: md5
      md5: 4d8b6c5b3622f2c75cad247760c2825a
      size: 1256495
    - path: reports\prepare_data_summary.json
      hash: md5
      md5: cdf3f07ee308b632af22d00100898776
      size: 656
  train_model:
    cmd: python scripts\train_model.py
    deps:
    - path: data\processed\datos_integrados.csv
      hash: md5
      md5: 4d8b6c5b3622f2c75cad247760c2825a
      size: 1256495
    - path: scripts\train_model.py
      hash: md5
      md5: 34ecb890cd999f8e6fdb957507e825cd
      size: 6989
    outs:
    - path: models\modelo_final.joblib
      hash: md5
      md5: ad5ad751968b29775d2f370260b951cd
      size: 6778
  evaluate_model:
    cmd: python -m pytest -q tests\test_model_performance.py 
      --junitxml=reports\pytest_model_performance.xml
    deps:
    - path: data\processed\datos_integrados.csv
      hash: md5
      md5: 4d8b6c5b3622f2c75cad247760c2825a
      size: 1256495
    - path: models\modelo_final.joblib
      hash: md5
      md5: ad5ad751968b29775d2f370260b951cd
      size: 6778
    - path: reports\model_final_report.json
      hash: md5
      md5: c9ecf376b52f103cb6402d2312233fc6
      size: 1109
    - path: tests\test_model_performance.py
      hash: md5
      md5: 9e233516f0d20ed5d5bf6f3d54a5d4e8
      size: 1423
    outs:
    - path: reports\pytest_model_performance.xml
      hash: md5
      md5: 2fcf854461f454278175eb4bd0354512
      size: 767
